
Microsoft Visual Studio Solution File, Format Version 12.00
# Visual Studio Version 16
VisualStudioVersion = 16.0.30114.105
MinimumVisualStudioVersion = 10.0.40219.1
Project("{2150E333-8FDC-42A3-9474-1A3956D46DE8}") = "main", "main", "{9A725678-4DE7-4F9A-97B8-E6B7D24D13C9}"
EndProject
Project("{F2A71F9B-5D33-465A-A702-920D77279786}") = "main", "main\src\main.fsproj", "{59D6156A-97AE-4601-9D10-60D8D1A27FCA}"
EndProject
Project("{F2A71F9B-5D33-465A-A702-920D77279786}") = "Main.Test", "main\test\Main.Test.fsproj", "{1B43B316-657C-45E4-9FCA-71734918C831}"
EndProject
Global
	GlobalSection(SolutionConfigurationPlatforms) = preSolution
		Debug|Any CPU = Debug|Any CPU
		Release|Any CPU = Release|Any CPU
	EndGlobalSection
	GlobalSection(SolutionProperties) = preSolution
		HideSolutionNode = FALSE
	EndGlobalSection
	GlobalSection(ProjectConfigurationPlatforms) = postSolution
		{59D6156A-97AE-4601-9D10-60D8D1A27FCA}.Debug|Any CPU.ActiveCfg = Debug|Any CPU
		{59D6156A-97AE-4601-9D10-60D8D1A27FCA}.Debug|Any CPU.Build.0 = Debug|Any CPU
		{59D6156A-97AE-4601-9D10-60D8D1A27FCA}.Release|Any CPU.ActiveCfg = Release|Any CPU
		{59D6156A-97AE-4601-9D10-60D8D1A27FCA}.Release|Any CPU.Build.0 = Release|Any CPU
		{1B43B316-657C-45E4-9FCA-71734918C831}.Debug|Any CPU.ActiveCfg = Debug|Any CPU
		{1B43B316-657C-45E4-9FCA-71734918C831}.Debug|Any CPU.Build.0 = Debug|Any CPU
		{1B43B316-657C-45E4-9FCA-71734918C831}.Release|Any CPU.ActiveCfg = Release|Any CPU
		{1B43B316-657C-45E4-9FCA-71734918C831}.Release|Any CPU.Build.0 = Release|Any CPU
	EndGlobalSection
	GlobalSection(NestedProjects) = preSolution
		{59D6156A-97AE-4601-9D10-60D8D1A27FCA} = {9A725678-4DE7-4F9A-97B8-E6B7D24D13C9}
		{1B43B316-657C-45E4-9FCA-71734918C831} = {9A725678-4DE7-4F9A-97B8-E6B7D24D13C9}
	EndGlobalSection
EndGlobal
